
Microsoft Visual Studio Solution File, Format Version 12.00
# Visual Studio 15
VisualStudioVersion = 15.0.26730.8
MinimumVisualStudioVersion = 10.0.40219.1
Project("{FAE04EC0-301F-11D3-BF4B-00C04F79EFBC}") = "MConsultant.Android", "MConsultant\MConsultant.Android\MConsultant.Android.csproj", "{7C7E7219-B799-4A8D-A85B-E10687A0178B}"
EndProject
Project("{FAE04EC0-301F-11D3-BF4B-00C04F79EFBC}") = "MConsultant", "MConsultant\MConsultant\MConsultant.csproj", "{3CAFD6C0-CD61-4B2B-8209-93CBED5F4489}"
EndProject
Project("{FAE04EC0-301F-11D3-BF4B-00C04F79EFBC}") = "MConsultant.UWP", "MConsultant\MConsultant.UWP\MConsultant.UWP.csproj", "{C81F6AAA-36F0-40E8-A111-764ED77AC78F}"
EndProject
Project("{FAE04EC0-301F-11D3-BF4B-00C04F79EFBC}") = "MConsultant.iOS", "MConsultant\MConsultant.iOS\MConsultant.iOS.csproj", "{D9B649D1-7A01-4AC1-ADFC-667DC175018B}"
EndProject
Project("{FAE04EC0-301F-11D3-BF4B-00C04F79EFBC}") = "MConsultant.Models", "MConsultant.Models\MConsultant.Models.csproj", "{784A711F-8F95-4B03-AFDC-9A87674175C3}"
EndProject
Project("{FAE04EC0-301F-11D3-BF4B-00C04F79EFBC}") = "MConsultant.API", "MConsultant.API\MConsultant.API.csproj", "{0FCAE146-1807-4793-AE82-4B83913BB155}"
EndProject
Project("{FAE04EC0-301F-11D3-BF4B-00C04F79EFBC}") = "MConsultant.Backend", "MConsultant.Backend\MConsultant.Backend.csproj", "{63FA7ED2-6184-498B-8BCD-0BD0A7279D41}"
EndProject
Global
	GlobalSection(SolutionConfigurationPlatforms) = preSolution
		Ad-Hoc|Any CPU = Ad-Hoc|Any CPU
		Ad-Hoc|ARM = Ad-Hoc|ARM
		Ad-Hoc|iPhone = Ad-Hoc|iPhone
		Ad-Hoc|iPhoneSimulator = Ad-Hoc|iPhoneSimulator
		Ad-Hoc|x64 = Ad-Hoc|x64
		Ad-Hoc|x86 = Ad-Hoc|x86
		AppStore|Any CPU = AppStore|Any CPU
		AppStore|ARM = AppStore|ARM
		AppStore|iPhone = AppStore|iPhone
		AppStore|iPhoneSimulator = AppStore|iPhoneSimulator
		AppStore|x64 = AppStore|x64
		AppStore|x86 = AppStore|x86
		Debug|Any CPU = Debug|Any CPU
		Debug|ARM = Debug|ARM
		Debug|iPhone = Debug|iPhone
		Debug|iPhoneSimulator = Debug|iPhoneSimulator
		Debug|x64 = Debug|x64
		Debug|x86 = Debug|x86
		Release|Any CPU = Release|Any CPU
		Release|ARM = Release|ARM
		Release|iPhone = Release|iPhone
		Release|iPhoneSimulator = Release|iPhoneSimulator
		Release|x64 = Release|x64
		Release|x86 = Release|x86
	EndGlobalSection
	GlobalSection(ProjectConfigurationPlatforms) = postSolution
		{7C7E7219-B799-4A8D-A85B-E10687A0178B}.Ad-Hoc|Any CPU.ActiveCfg = Release|Any CPU
		{7C7E7219-B799-4A8D-A85B-E10687A0178B}.Ad-Hoc|Any CPU.Build.0 = Release|Any CPU
		{7C7E7219-B799-4A8D-A85B-E10687A0178B}.Ad-Hoc|Any CPU.Deploy.0 = Release|Any CPU
		{7C7E7219-B799-4A8D-A85B-E10687A0178B}.Ad-Hoc|ARM.ActiveCfg = Release|Any CPU
		{7C7E7219-B799-4A8D-A85B-E10687A0178B}.Ad-Hoc|ARM.Build.0 = Release|Any CPU
		{7C7E7219-B799-4A8D-A85B-E10687A0178B}.Ad-Hoc|ARM.Deploy.0 = Release|Any CPU
		{7C7E7219-B799-4A8D-A85B-E10687A0178B}.Ad-Hoc|iPhone.ActiveCfg = Release|Any CPU
		{7C7E7219-B799-4A8D-A85B-E10687A0178B}.Ad-Hoc|iPhone.Build.0 = Release|Any CPU
		{7C7E7219-B799-4A8D-A85B-E10687A0178B}.Ad-Hoc|iPhone.Deploy.0 = Release|Any CPU
		{7C7E7219-B799-4A8D-A85B-E10687A0178B}.Ad-Hoc|iPhoneSimulator.ActiveCfg = Release|Any CPU
		{7C7E7219-B799-4A8D-A85B-E10687A0178B}.Ad-Hoc|iPhoneSimulator.Build.0 = Release|Any CPU
		{7C7E7219-B799-4A8D-A85B-E10687A0178B}.Ad-Hoc|iPhoneSimulator.Deploy.0 = Release|Any CPU
		{7C7E7219-B799-4A8D-A85B-E10687A0178B}.Ad-Hoc|x64.ActiveCfg = Release|Any CPU
		{7C7E7219-B799-4A8D-A85B-E10687A0178B}.Ad-Hoc|x64.Build.0 = Release|Any CPU
		{7C7E7219-B799-4A8D-A85B-E10687A0178B}.Ad-Hoc|x64.Deploy.0 = Release|Any CPU
		{7C7E7219-B799-4A8D-A85B-E10687A0178B}.Ad-Hoc|x86.ActiveCfg = Release|Any CPU
		{7C7E7219-B799-4A8D-A85B-E10687A0178B}.Ad-Hoc|x86.Build.0 = Release|Any CPU
		{7C7E7219-B799-4A8D-A85B-E10687A0178B}.Ad-Hoc|x86.Deploy.0 = Release|Any CPU
		{7C7E7219-B799-4A8D-A85B-E10687A0178B}.AppStore|Any CPU.ActiveCfg = Release|Any CPU
		{7C7E7219-B799-4A8D-A85B-E10687A0178B}.AppStore|Any CPU.Build.0 = Release|Any CPU
		{7C7E7219-B799-4A8D-A85B-E10687A0178B}.AppStore|Any CPU.Deploy.0 = Release|Any CPU
		{7C7E7219-B799-4A8D-A85B-E10687A0178B}.AppStore|ARM.ActiveCfg = Release|Any CPU
		{7C7E7219-B799-4A8D-A85B-E10687A0178B}.AppStore|ARM.Build.0 = Release|Any CPU
		{7C7E7219-B799-4A8D-A85B-E10687A0178B}.AppStore|ARM.Deploy.0 = Release|Any CPU
		{7C7E7219-B799-4A8D-A85B-E10687A0178B}.AppStore|iPhone.ActiveCfg = Release|Any CPU
		{7C7E7219-B799-4A8D-A85B-E10687A0178B}.AppStore|iPhone.Build.0 = Release|Any CPU
		{7C7E7219-B799-4A8D-A85B-E10687A0178B}.AppStore|iPhone.Deploy.0 = Release|Any CPU
		{7C7E7219-B799-4A8D-A85B-E10687A0178B}.AppStore|iPhoneSimulator.ActiveCfg = Release|Any CPU
		{7C7E7219-B799-4A8D-A85B-E10687A0178B}.AppStore|iPhoneSimulator.Build.0 = Release|Any CPU
		{7C7E7219-B799-4A8D-A85B-E10687A0178B}.AppStore|iPhoneSimulator.Deploy.0 = Release|Any CPU
		{7C7E7219-B799-4A8D-A85B-E10687A0178B}.AppStore|x64.ActiveCfg = Release|Any CPU
		{7C7E7219-B799-4A8D-A85B-E10687A0178B}.AppStore|x64.Build.0 = Release|Any CPU
		{7C7E7219-B799-4A8D-A85B-E10687A0178B}.AppStore|x64.Deploy.0 = Release|Any CPU
		{7C7E7219-B799-4A8D-A85B-E10687A0178B}.AppStore|x86.ActiveCfg = Release|Any CPU
		{7C7E7219-B799-4A8D-A85B-E10687A0178B}.AppStore|x86.Build.0 = Release|Any CPU
		{7C7E7219-B799-4A8D-A85B-E10687A0178B}.AppStore|x86.Deploy.0 = Release|Any CPU
		{7C7E7219-B799-4A8D-A85B-E10687A0178B}.Debug|Any CPU.ActiveCfg = Debug|Any CPU
		{7C7E7219-B799-4A8D-A85B-E10687A0178B}.Debug|Any CPU.Build.0 = Debug|Any CPU
		{7C7E7219-B799-4A8D-A85B-E10687A0178B}.Debug|Any CPU.Deploy.0 = Debug|Any CPU
		{7C7E7219-B799-4A8D-A85B-E10687A0178B}.Debug|ARM.ActiveCfg = Debug|Any CPU
		{7C7E7219-B799-4A8D-A85B-E10687A0178B}.Debug|ARM.Build.0 = Debug|Any CPU
		{7C7E7219-B799-4A8D-A85B-E10687A0178B}.Debug|ARM.Deploy.0 = Debug|Any CPU
		{7C7E7219-B799-4A8D-A85B-E10687A0178B}.Debug|iPhone.ActiveCfg = Debug|Any CPU
		{7C7E7219-B799-4A8D-A85B-E10687A0178B}.Debug|iPhone.Build.0 = Debug|Any CPU
		{7C7E7219-B799-4A8D-A85B-E10687A0178B}.Debug|iPhone.Deploy.0 = Debug|Any CPU
		{7C7E7219-B799-4A8D-A85B-E10687A0178B}.Debug|iPhoneSimulator.ActiveCfg = Debug|Any CPU
		{7C7E7219-B799-4A8D-A85B-E10687A0178B}.Debug|iPhoneSimulator.Build.0 = Debug|Any CPU
		{7C7E7219-B799-4A8D-A85B-E10687A0178B}.Debug|iPhoneSimulator.Deploy.0 = Debug|Any CPU
		{7C7E7219-B799-4A8D-A85B-E10687A0178B}.Debug|x64.ActiveCfg = Debug|Any CPU
		{7C7E7219-B799-4A8D-A85B-E10687A0178B}.Debug|x64.Build.0 = Debug|Any CPU
		{7C7E7219-B799-4A8D-A85B-E10687A0178B}.Debug|x64.Deploy.0 = Debug|Any CPU
		{7C7E7219-B799-4A8D-A85B-E10687A0178B}.Debug|x86.ActiveCfg = Debug|Any CPU
		{7C7E7219-B799-4A8D-A85B-E10687A0178B}.Debug|x86.Build.0 = Debug|Any CPU
		{7C7E7219-B799-4A8D-A85B-E10687A0178B}.Debug|x86.Deploy.0 = Debug|Any CPU
		{7C7E7219-B799-4A8D-A85B-E10687A0178B}.Release|Any CPU.ActiveCfg = Release|Any CPU
		{7C7E7219-B799-4A8D-A85B-E10687A0178B}.Release|Any CPU.Build.0 = Release|Any CPU
		{7C7E7219-B799-4A8D-A85B-E10687A0178B}.Release|Any CPU.Deploy.0 = Release|Any CPU
		{7C7E7219-B799-4A8D-A85B-E10687A0178B}.Release|ARM.ActiveCfg = Release|Any CPU
		{7C7E7219-B799-4A8D-A85B-E10687A0178B}.Release|ARM.Build.0 = Release|Any CPU
		{7C7E7219-B799-4A8D-A85B-E10687A0178B}.Release|ARM.Deploy.0 = Release|Any CPU
		{7C7E7219-B799-4A8D-A85B-E10687A0178B}.Release|iPhone.ActiveCfg = Release|Any CPU
		{7C7E7219-B799-4A8D-A85B-E10687A0178B}.Release|iPhone.Build.0 = Release|Any CPU
		{7C7E7219-B799-4A8D-A85B-E10687A0178B}.Release|iPhone.Deploy.0 = Release|Any CPU
		{7C7E7219-B799-4A8D-A85B-E10687A0178B}.Release|iPhoneSimulator.ActiveCfg = Release|Any CPU
		{7C7E7219-B799-4A8D-A85B-E10687A0178B}.Release|iPhoneSimulator.Build.0 = Release|Any CPU
		{7C7E7219-B799-4A8D-A85B-E10687A0178B}.Release|iPhoneSimulator.Deploy.0 = Release|Any CPU
		{7C7E7219-B799-4A8D-A85B-E10687A0178B}.Release|x64.ActiveCfg = Release|Any CPU
		{7C7E7219-B799-4A8D-A85B-E10687A0178B}.Release|x64.Build.0 = Release|Any CPU
		{7C7E7219-B799-4A8D-A85B-E10687A0178B}.Release|x64.Deploy.0 = Release|Any CPU
		{7C7E7219-B799-4A8D-A85B-E10687A0178B}.Release|x86.ActiveCfg = Release|Any CPU
		{7C7E7219-B799-4A8D-A85B-E10687A0178B}.Release|x86.Build.0 = Release|Any CPU
		{7C7E7219-B799-4A8D-A85B-E10687A0178B}.Release|x86.Deploy.0 = Release|Any CPU
		{3CAFD6C0-CD61-4B2B-8209-93CBED5F4489}.Ad-Hoc|Any CPU.ActiveCfg = Release|Any CPU
		{3CAFD6C0-CD61-4B2B-8209-93CBED5F4489}.Ad-Hoc|Any CPU.Build.0 = Release|Any CPU
		{3CAFD6C0-CD61-4B2B-8209-93CBED5F4489}.Ad-Hoc|ARM.ActiveCfg = Release|Any CPU
		{3CAFD6C0-CD61-4B2B-8209-93CBED5F4489}.Ad-Hoc|ARM.Build.0 = Release|Any CPU
		{3CAFD6C0-CD61-4B2B-8209-93CBED5F4489}.Ad-Hoc|iPhone.ActiveCfg = Release|Any CPU
		{3CAFD6C0-CD61-4B2B-8209-93CBED5F4489}.Ad-Hoc|iPhone.Build.0 = Release|Any CPU
		{3CAFD6C0-CD61-4B2B-8209-93CBED5F4489}.Ad-Hoc|iPhoneSimulator.ActiveCfg = Release|Any CPU
		{3CAFD6C0-CD61-4B2B-8209-93CBED5F4489}.Ad-Hoc|iPhoneSimulator.Build.0 = Release|Any CPU
		{3CAFD6C0-CD61-4B2B-8209-93CBED5F4489}.Ad-Hoc|x64.ActiveCfg = Release|Any CPU
		{3CAFD6C0-CD61-4B2B-8209-93CBED5F4489}.Ad-Hoc|x64.Build.0 = Release|Any CPU
		{3CAFD6C0-CD61-4B2B-8209-93CBED5F4489}.Ad-Hoc|x86.ActiveCfg = Release|Any CPU
		{3CAFD6C0-CD61-4B2B-8209-93CBED5F4489}.Ad-Hoc|x86.Build.0 = Release|Any CPU
		{3CAFD6C0-CD61-4B2B-8209-93CBED5F4489}.AppStore|Any CPU.ActiveCfg = Release|Any CPU
		{3CAFD6C0-CD61-4B2B-8209-93CBED5F4489}.AppStore|Any CPU.Build.0 = Release|Any CPU
		{3CAFD6C0-CD61-4B2B-8209-93CBED5F4489}.AppStore|ARM.ActiveCfg = Release|Any CPU
		{3CAFD6C0-CD61-4B2B-8209-93CBED5F4489}.AppStore|ARM.Build.0 = Release|Any CPU
		{3CAFD6C0-CD61-4B2B-8209-93CBED5F4489}.AppStore|iPhone.ActiveCfg = Release|Any CPU
		{3CAFD6C0-CD61-4B2B-8209-93CBED5F4489}.AppStore|iPhone.Build.0 = Release|Any CPU
		{3CAFD6C0-CD61-4B2B-8209-93CBED5F4489}.AppStore|iPhoneSimulator.ActiveCfg = Release|Any CPU
		{3CAFD6C0-CD61-4B2B-8209-93CBED5F4489}.AppStore|iPhoneSimulator.Build.0 = Release|Any CPU
		{3CAFD6C0-CD61-4B2B-8209-93CBED5F4489}.AppStore|x64.ActiveCfg = Release|Any CPU
		{3CAFD6C0-CD61-4B2B-8209-93CBED5F4489}.AppStore|x64.Build.0 = Release|Any CPU
		{3CAFD6C0-CD61-4B2B-8209-93CBED5F4489}.AppStore|x86.ActiveCfg = Release|Any CPU
		{3CAFD6C0-CD61-4B2B-8209-93CBED5F4489}.AppStore|x86.Build.0 = Release|Any CPU
		{3CAFD6C0-CD61-4B2B-8209-93CBED5F4489}.Debug|Any CPU.ActiveCfg = Debug|Any CPU
		{3CAFD6C0-CD61-4B2B-8209-93CBED5F4489}.Debug|Any CPU.Build.0 = Debug|Any CPU
		{3CAFD6C0-CD61-4B2B-8209-93CBED5F4489}.Debug|ARM.ActiveCfg = Debug|Any CPU
		{3CAFD6C0-CD61-4B2B-8209-93CBED5F4489}.Debug|ARM.Build.0 = Debug|Any CPU
		{3CAFD6C0-CD61-4B2B-8209-93CBED5F4489}.Debug|iPhone.ActiveCfg = Debug|Any CPU
		{3CAFD6C0-CD61-4B2B-8209-93CBED5F4489}.Debug|iPhone.Build.0 = Debug|Any CPU
		{3CAFD6C0-CD61-4B2B-8209-93CBED5F4489}.Debug|iPhoneSimulator.ActiveCfg = Debug|Any CPU
		{3CAFD6C0-CD61-4B2B-8209-93CBED5F4489}.Debug|iPhoneSimulator.Build.0 = Debug|Any CPU
		{3CAFD6C0-CD61-4B2B-8209-93CBED5F4489}.Debug|x64.ActiveCfg = Debug|Any CPU
		{3CAFD6C0-CD61-4B2B-8209-93CBED5F4489}.Debug|x64.Build.0 = Debug|Any CPU
		{3CAFD6C0-CD61-4B2B-8209-93CBED5F4489}.Debug|x86.ActiveCfg = Debug|Any CPU
		{3CAFD6C0-CD61-4B2B-8209-93CBED5F4489}.Debug|x86.Build.0 = Debug|Any CPU
		{3CAFD6C0-CD61-4B2B-8209-93CBED5F4489}.Release|Any CPU.ActiveCfg = Release|Any CPU
		{3CAFD6C0-CD61-4B2B-8209-93CBED5F4489}.Release|Any CPU.Build.0 = Release|Any CPU
		{3CAFD6C0-CD61-4B2B-8209-93CBED5F4489}.Release|ARM.ActiveCfg = Release|Any CPU
		{3CAFD6C0-CD61-4B2B-8209-93CBED5F4489}.Release|ARM.Build.0 = Release|Any CPU
		{3CAFD6C0-CD61-4B2B-8209-93CBED5F4489}.Release|iPhone.ActiveCfg = Release|Any CPU
		{3CAFD6C0-CD61-4B2B-8209-93CBED5F4489}.Release|iPhone.Build.0 = Release|Any CPU
		{3CAFD6C0-CD61-4B2B-8209-93CBED5F4489}.Release|iPhoneSimulator.ActiveCfg = Release|Any CPU
		{3CAFD6C0-CD61-4B2B-8209-93CBED5F4489}.Release|iPhoneSimulator.Build.0 = Release|Any CPU
		{3CAFD6C0-CD61-4B2B-8209-93CBED5F4489}.Release|x64.ActiveCfg = Release|Any CPU
		{3CAFD6C0-CD61-4B2B-8209-93CBED5F4489}.Release|x64.Build.0 = Release|Any CPU
		{3CAFD6C0-CD61-4B2B-8209-93CBED5F4489}.Release|x86.ActiveCfg = Release|Any CPU
		{3CAFD6C0-CD61-4B2B-8209-93CBED5F4489}.Release|x86.Build.0 = Release|Any CPU
		{C81F6AAA-36F0-40E8-A111-764ED77AC78F}.Ad-Hoc|Any CPU.ActiveCfg = Release|x86
		{C81F6AAA-36F0-40E8-A111-764ED77AC78F}.Ad-Hoc|Any CPU.Build.0 = Release|x86
		{C81F6AAA-36F0-40E8-A111-764ED77AC78F}.Ad-Hoc|Any CPU.Deploy.0 = Release|x86
		{C81F6AAA-36F0-40E8-A111-764ED77AC78F}.Ad-Hoc|ARM.ActiveCfg = Release|ARM
		{C81F6AAA-36F0-40E8-A111-764ED77AC78F}.Ad-Hoc|ARM.Build.0 = Release|ARM
		{C81F6AAA-36F0-40E8-A111-764ED77AC78F}.Ad-Hoc|ARM.Deploy.0 = Release|ARM
		{C81F6AAA-36F0-40E8-A111-764ED77AC78F}.Ad-Hoc|iPhone.ActiveCfg = Release|x86
		{C81F6AAA-36F0-40E8-A111-764ED77AC78F}.Ad-Hoc|iPhone.Build.0 = Release|x86
		{C81F6AAA-36F0-40E8-A111-764ED77AC78F}.Ad-Hoc|iPhone.Deploy.0 = Release|x86
		{C81F6AAA-36F0-40E8-A111-764ED77AC78F}.Ad-Hoc|iPhoneSimulator.ActiveCfg = Release|x86
		{C81F6AAA-36F0-40E8-A111-764ED77AC78F}.Ad-Hoc|iPhoneSimulator.Build.0 = Release|x86
		{C81F6AAA-36F0-40E8-A111-764ED77AC78F}.Ad-Hoc|iPhoneSimulator.Deploy.0 = Release|x86
		{C81F6AAA-36F0-40E8-A111-764ED77AC78F}.Ad-Hoc|x64.ActiveCfg = Release|x64
		{C81F6AAA-36F0-40E8-A111-764ED77AC78F}.Ad-Hoc|x64.Build.0 = Release|x64
		{C81F6AAA-36F0-40E8-A111-764ED77AC78F}.Ad-Hoc|x64.Deploy.0 = Release|x64
		{C81F6AAA-36F0-40E8-A111-764ED77AC78F}.Ad-Hoc|x86.ActiveCfg = Release|x86
		{C81F6AAA-36F0-40E8-A111-764ED77AC78F}.Ad-Hoc|x86.Build.0 = Release|x86
		{C81F6AAA-36F0-40E8-A111-764ED77AC78F}.Ad-Hoc|x86.Deploy.0 = Release|x86
		{C81F6AAA-36F0-40E8-A111-764ED77AC78F}.AppStore|Any CPU.ActiveCfg = Release|x86
		{C81F6AAA-36F0-40E8-A111-764ED77AC78F}.AppStore|Any CPU.Build.0 = Release|x86
		{C81F6AAA-36F0-40E8-A111-764ED77AC78F}.AppStore|Any CPU.Deploy.0 = Release|x86
		{C81F6AAA-36F0-40E8-A111-764ED77AC78F}.AppStore|ARM.ActiveCfg = Release|ARM
		{C81F6AAA-36F0-40E8-A111-764ED77AC78F}.AppStore|ARM.Build.0 = Release|ARM
		{C81F6AAA-36F0-40E8-A111-764ED77AC78F}.AppStore|ARM.Deploy.0 = Release|ARM
		{C81F6AAA-36F0-40E8-A111-764ED77AC78F}.AppStore|iPhone.ActiveCfg = Release|x86
		{C81F6AAA-36F0-40E8-A111-764ED77AC78F}.AppStore|iPhone.Build.0 = Release|x86
		{C81F6AAA-36F0-40E8-A111-764ED77AC78F}.AppStore|iPhone.Deploy.0 = Release|x86
		{C81F6AAA-36F0-40E8-A111-764ED77AC78F}.AppStore|iPhoneSimulator.ActiveCfg = Release|x86
		{C81F6AAA-36F0-40E8-A111-764ED77AC78F}.AppStore|iPhoneSimulator.Build.0 = Release|x86
		{C81F6AAA-36F0-40E8-A111-764ED77AC78F}.AppStore|iPhoneSimulator.Deploy.0 = Release|x86
		{C81F6AAA-36F0-40E8-A111-764ED77AC78F}.AppStore|x64.ActiveCfg = Release|x64
		{C81F6AAA-36F0-40E8-A111-764ED77AC78F}.AppStore|x64.Build.0 = Release|x64
		{C81F6AAA-36F0-40E8-A111-764ED77AC78F}.AppStore|x64.Deploy.0 = Release|x64
		{C81F6AAA-36F0-40E8-A111-764ED77AC78F}.AppStore|x86.ActiveCfg = Release|x86
		{C81F6AAA-36F0-40E8-A111-764ED77AC78F}.AppStore|x86.Build.0 = Release|x86
		{C81F6AAA-36F0-40E8-A111-764ED77AC78F}.AppStore|x86.Deploy.0 = Release|x86
		{C81F6AAA-36F0-40E8-A111-764ED77AC78F}.Debug|Any CPU.ActiveCfg = Debug|x86
		{C81F6AAA-36F0-40E8-A111-764ED77AC78F}.Debug|ARM.ActiveCfg = Debug|ARM
		{C81F6AAA-36F0-40E8-A111-764ED77AC78F}.Debug|ARM.Build.0 = Debug|ARM
		{C81F6AAA-36F0-40E8-A111-764ED77AC78F}.Debug|ARM.Deploy.0 = Debug|ARM
		{C81F6AAA-36F0-40E8-A111-764ED77AC78F}.Debug|iPhone.ActiveCfg = Debug|x86
		{C81F6AAA-36F0-40E8-A111-764ED77AC78F}.Debug|iPhoneSimulator.ActiveCfg = Debug|x86
		{C81F6AAA-36F0-40E8-A111-764ED77AC78F}.Debug|x64.ActiveCfg = Debug|x64
		{C81F6AAA-36F0-40E8-A111-764ED77AC78F}.Debug|x64.Build.0 = Debug|x64
		{C81F6AAA-36F0-40E8-A111-764ED77AC78F}.Debug|x64.Deploy.0 = Debug|x64
		{C81F6AAA-36F0-40E8-A111-764ED77AC78F}.Debug|x86.ActiveCfg = Debug|x86
		{C81F6AAA-36F0-40E8-A111-764ED77AC78F}.Debug|x86.Build.0 = Debug|x86
		{C81F6AAA-36F0-40E8-A111-764ED77AC78F}.Debug|x86.Deploy.0 = Debug|x86
		{C81F6AAA-36F0-40E8-A111-764ED77AC78F}.Release|Any CPU.ActiveCfg = Release|x86
		{C81F6AAA-36F0-40E8-A111-764ED77AC78F}.Release|ARM.ActiveCfg = Release|ARM
		{C81F6AAA-36F0-40E8-A111-764ED77AC78F}.Release|ARM.Build.0 = Release|ARM
		{C81F6AAA-36F0-40E8-A111-764ED77AC78F}.Release|ARM.Deploy.0 = Release|ARM
		{C81F6AAA-36F0-40E8-A111-764ED77AC78F}.Release|iPhone.ActiveCfg = Release|x86
		{C81F6AAA-36F0-40E8-A111-764ED77AC78F}.Release|iPhoneSimulator.ActiveCfg = Release|x86
		{C81F6AAA-36F0-40E8-A111-764ED77AC78F}.Release|x64.ActiveCfg = Release|x64
		{C81F6AAA-36F0-40E8-A111-764ED77AC78F}.Release|x64.Build.0 = Release|x64
		{C81F6AAA-36F0-40E8-A111-764ED77AC78F}.Release|x64.Deploy.0 = Release|x64
		{C81F6AAA-36F0-40E8-A111-764ED77AC78F}.Release|x86.ActiveCfg = Release|x86
		{C81F6AAA-36F0-40E8-A111-764ED77AC78F}.Release|x86.Build.0 = Release|x86
		{C81F6AAA-36F0-40E8-A111-764ED77AC78F}.Release|x86.Deploy.0 = Release|x86
		{D9B649D1-7A01-4AC1-ADFC-667DC175018B}.Ad-Hoc|Any CPU.ActiveCfg = Ad-Hoc|iPhone
		{D9B649D1-7A01-4AC1-ADFC-667DC175018B}.Ad-Hoc|ARM.ActiveCfg = Ad-Hoc|iPhone
		{D9B649D1-7A01-4AC1-ADFC-667DC175018B}.Ad-Hoc|iPhone.ActiveCfg = Ad-Hoc|iPhone
		{D9B649D1-7A01-4AC1-ADFC-667DC175018B}.Ad-Hoc|iPhone.Build.0 = Ad-Hoc|iPhone
		{D9B649D1-7A01-4AC1-ADFC-667DC175018B}.Ad-Hoc|iPhoneSimulator.ActiveCfg = Ad-Hoc|iPhoneSimulator
		{D9B649D1-7A01-4AC1-ADFC-667DC175018B}.Ad-Hoc|iPhoneSimulator.Build.0 = Ad-Hoc|iPhoneSimulator
		{D9B649D1-7A01-4AC1-ADFC-667DC175018B}.Ad-Hoc|x64.ActiveCfg = Ad-Hoc|iPhone
		{D9B649D1-7A01-4AC1-ADFC-667DC175018B}.Ad-Hoc|x86.ActiveCfg = Ad-Hoc|iPhone
		{D9B649D1-7A01-4AC1-ADFC-667DC175018B}.AppStore|Any CPU.ActiveCfg = AppStore|iPhone
		{D9B649D1-7A01-4AC1-ADFC-667DC175018B}.AppStore|ARM.ActiveCfg = AppStore|iPhone
		{D9B649D1-7A01-4AC1-ADFC-667DC175018B}.AppStore|iPhone.ActiveCfg = AppStore|iPhone
		{D9B649D1-7A01-4AC1-ADFC-667DC175018B}.AppStore|iPhone.Build.0 = AppStore|iPhone
		{D9B649D1-7A01-4AC1-ADFC-667DC175018B}.AppStore|iPhoneSimulator.ActiveCfg = AppStore|iPhoneSimulator
		{D9B649D1-7A01-4AC1-ADFC-667DC175018B}.AppStore|iPhoneSimulator.Build.0 = AppStore|iPhoneSimulator
		{D9B649D1-7A01-4AC1-ADFC-667DC175018B}.AppStore|x64.ActiveCfg = AppStore|iPhone
		{D9B649D1-7A01-4AC1-ADFC-667DC175018B}.AppStore|x86.ActiveCfg = AppStore|iPhone
		{D9B649D1-7A01-4AC1-ADFC-667DC175018B}.Debug|Any CPU.ActiveCfg = Debug|iPhone
		{D9B649D1-7A01-4AC1-ADFC-667DC175018B}.Debug|ARM.ActiveCfg = Debug|iPhone
		{D9B649D1-7A01-4AC1-ADFC-667DC175018B}.Debug|iPhone.ActiveCfg = Debug|iPhone
		{D9B649D1-7A01-4AC1-ADFC-667DC175018B}.Debug|iPhone.Build.0 = Debug|iPhone
		{D9B649D1-7A01-4AC1-ADFC-667DC175018B}.Debug|iPhoneSimulator.ActiveCfg = Debug|iPhoneSimulator
		{D9B649D1-7A01-4AC1-ADFC-667DC175018B}.Debug|iPhoneSimulator.Build.0 = Debug|iPhoneSimulator
		{D9B649D1-7A01-4AC1-ADFC-667DC175018B}.Debug|x64.ActiveCfg = Debug|iPhone
		{D9B649D1-7A01-4AC1-ADFC-667DC175018B}.Debug|x86.ActiveCfg = Debug|iPhone
		{D9B649D1-7A01-4AC1-ADFC-667DC175018B}.Release|Any CPU.ActiveCfg = Release|iPhone
		{D9B649D1-7A01-4AC1-ADFC-667DC175018B}.Release|ARM.ActiveCfg = Release|iPhone
		{D9B649D1-7A01-4AC1-ADFC-667DC175018B}.Release|iPhone.ActiveCfg = Release|iPhone
		{D9B649D1-7A01-4AC1-ADFC-667DC175018B}.Release|iPhone.Build.0 = Release|iPhone
		{D9B649D1-7A01-4AC1-ADFC-667DC175018B}.Release|iPhoneSimulator.ActiveCfg = Release|iPhoneSimulator
		{D9B649D1-7A01-4AC1-ADFC-667DC175018B}.Release|iPhoneSimulator.Build.0 = Release|iPhoneSimulator
		{D9B649D1-7A01-4AC1-ADFC-667DC175018B}.Release|x64.ActiveCfg = Release|iPhone
		{D9B649D1-7A01-4AC1-ADFC-667DC175018B}.Release|x86.ActiveCfg = Release|iPhone
		{784A711F-8F95-4B03-AFDC-9A87674175C3}.Ad-Hoc|Any CPU.ActiveCfg = Release|Any CPU
		{784A711F-8F95-4B03-AFDC-9A87674175C3}.Ad-Hoc|Any CPU.Build.0 = Release|Any CPU
		{784A711F-8F95-4B03-AFDC-9A87674175C3}.Ad-Hoc|ARM.ActiveCfg = Release|Any CPU
		{784A711F-8F95-4B03-AFDC-9A87674175C3}.Ad-Hoc|ARM.Build.0 = Release|Any CPU
		{784A711F-8F95-4B03-AFDC-9A87674175C3}.Ad-Hoc|iPhone.ActiveCfg = Release|Any CPU
		{784A711F-8F95-4B03-AFDC-9A87674175C3}.Ad-Hoc|iPhone.Build.0 = Release|Any CPU
		{784A711F-8F95-4B03-AFDC-9A87674175C3}.Ad-Hoc|iPhoneSimulator.ActiveCfg = Release|Any CPU
		{784A711F-8F95-4B03-AFDC-9A87674175C3}.Ad-Hoc|iPhoneSimulator.Build.0 = Release|Any CPU
		{784A711F-8F95-4B03-AFDC-9A87674175C3}.Ad-Hoc|x64.ActiveCfg = Release|Any CPU
		{784A711F-8F95-4B03-AFDC-9A87674175C3}.Ad-Hoc|x64.Build.0 = Release|Any CPU
		{784A711F-8F95-4B03-AFDC-9A87674175C3}.Ad-Hoc|x86.ActiveCfg = Release|Any CPU
		{784A711F-8F95-4B03-AFDC-9A87674175C3}.Ad-Hoc|x86.Build.0 = Release|Any CPU
		{784A711F-8F95-4B03-AFDC-9A87674175C3}.AppStore|Any CPU.ActiveCfg = Release|Any CPU
		{784A711F-8F95-4B03-AFDC-9A87674175C3}.AppStore|Any CPU.Build.0 = Release|Any CPU
		{784A711F-8F95-4B03-AFDC-9A87674175C3}.AppStore|ARM.ActiveCfg = Release|Any CPU
		{784A711F-8F95-4B03-AFDC-9A87674175C3}.AppStore|ARM.Build.0 = Release|Any CPU
		{784A711F-8F95-4B03-AFDC-9A87674175C3}.AppStore|iPhone.ActiveCfg = Release|Any CPU
		{784A711F-8F95-4B03-AFDC-9A87674175C3}.AppStore|iPhone.Build.0 = Release|Any CPU
		{784A711F-8F95-4B03-AFDC-9A87674175C3}.AppStore|iPhoneSimulator.ActiveCfg = Release|Any CPU
		{784A711F-8F95-4B03-AFDC-9A87674175C3}.AppStore|iPhoneSimulator.Build.0 = Release|Any CPU
		{784A711F-8F95-4B03-AFDC-9A87674175C3}.AppStore|x64.ActiveCfg = Release|Any CPU
		{784A711F-8F95-4B03-AFDC-9A87674175C3}.AppStore|x64.Build.0 = Release|Any CPU
		{784A711F-8F95-4B03-AFDC-9A87674175C3}.AppStore|x86.ActiveCfg = Release|Any CPU
		{784A711F-8F95-4B03-AFDC-9A87674175C3}.AppStore|x86.Build.0 = Release|Any CPU
		{784A711F-8F95-4B03-AFDC-9A87674175C3}.Debug|Any CPU.ActiveCfg = Debug|Any CPU
		{784A711F-8F95-4B03-AFDC-9A87674175C3}.Debug|Any CPU.Build.0 = Debug|Any CPU
		{784A711F-8F95-4B03-AFDC-9A87674175C3}.Debug|ARM.ActiveCfg = Debug|Any CPU
		{784A711F-8F95-4B03-AFDC-9A87674175C3}.Debug|ARM.Build.0 = Debug|Any CPU
		{784A711F-8F95-4B03-AFDC-9A87674175C3}.Debug|iPhone.ActiveCfg = Debug|Any CPU
		{784A711F-8F95-4B03-AFDC-9A87674175C3}.Debug|iPhone.Build.0 = Debug|Any CPU
		{784A711F-8F95-4B03-AFDC-9A87674175C3}.Debug|iPhoneSimulator.ActiveCfg = Debug|Any CPU
		{784A711F-8F95-4B03-AFDC-9A87674175C3}.Debug|iPhoneSimulator.Build.0 = Debug|Any CPU
		{784A711F-8F95-4B03-AFDC-9A87674175C3}.Debug|x64.ActiveCfg = Debug|Any CPU
		{784A711F-8F95-4B03-AFDC-9A87674175C3}.Debug|x64.Build.0 = Debug|Any CPU
		{784A711F-8F95-4B03-AFDC-9A87674175C3}.Debug|x86.ActiveCfg = Debug|Any CPU
		{784A711F-8F95-4B03-AFDC-9A87674175C3}.Debug|x86.Build.0 = Debug|Any CPU
		{784A711F-8F95-4B03-AFDC-9A87674175C3}.Release|Any CPU.ActiveCfg = Release|Any CPU
		{784A711F-8F95-4B03-AFDC-9A87674175C3}.Release|Any CPU.Build.0 = Release|Any CPU
		{784A711F-8F95-4B03-AFDC-9A87674175C3}.Release|ARM.ActiveCfg = Release|Any CPU
		{784A711F-8F95-4B03-AFDC-9A87674175C3}.Release|ARM.Build.0 = Release|Any CPU
		{784A711F-8F95-4B03-AFDC-9A87674175C3}.Release|iPhone.ActiveCfg = Release|Any CPU
		{784A711F-8F95-4B03-AFDC-9A87674175C3}.Release|iPhone.Build.0 = Release|Any CPU
		{784A711F-8F95-4B03-AFDC-9A87674175C3}.Release|iPhoneSimulator.ActiveCfg = Release|Any CPU
		{784A711F-8F95-4B03-AFDC-9A87674175C3}.Release|iPhoneSimulator.Build.0 = Release|Any CPU
		{784A711F-8F95-4B03-AFDC-9A87674175C3}.Release|x64.ActiveCfg = Release|Any CPU
		{784A711F-8F95-4B03-AFDC-9A87674175C3}.Release|x64.Build.0 = Release|Any CPU
		{784A711F-8F95-4B03-AFDC-9A87674175C3}.Release|x86.ActiveCfg = Release|Any CPU
		{784A711F-8F95-4B03-AFDC-9A87674175C3}.Release|x86.Build.0 = Release|Any CPU
		{0FCAE146-1807-4793-AE82-4B83913BB155}.Ad-Hoc|Any CPU.ActiveCfg = Release|Any CPU
		{0FCAE146-1807-4793-AE82-4B83913BB155}.Ad-Hoc|Any CPU.Build.0 = Release|Any CPU
		{0FCAE146-1807-4793-AE82-4B83913BB155}.Ad-Hoc|ARM.ActiveCfg = Release|Any CPU
		{0FCAE146-1807-4793-AE82-4B83913BB155}.Ad-Hoc|ARM.Build.0 = Release|Any CPU
		{0FCAE146-1807-4793-AE82-4B83913BB155}.Ad-Hoc|iPhone.ActiveCfg = Release|Any CPU
		{0FCAE146-1807-4793-AE82-4B83913BB155}.Ad-Hoc|iPhone.Build.0 = Release|Any CPU
		{0FCAE146-1807-4793-AE82-4B83913BB155}.Ad-Hoc|iPhoneSimulator.ActiveCfg = Release|Any CPU
		{0FCAE146-1807-4793-AE82-4B83913BB155}.Ad-Hoc|iPhoneSimulator.Build.0 = Release|Any CPU
		{0FCAE146-1807-4793-AE82-4B83913BB155}.Ad-Hoc|x64.ActiveCfg = Release|Any CPU
		{0FCAE146-1807-4793-AE82-4B83913BB155}.Ad-Hoc|x64.Build.0 = Release|Any CPU
		{0FCAE146-1807-4793-AE82-4B83913BB155}.Ad-Hoc|x86.ActiveCfg = Release|Any CPU
		{0FCAE146-1807-4793-AE82-4B83913BB155}.Ad-Hoc|x86.Build.0 = Release|Any CPU
		{0FCAE146-1807-4793-AE82-4B83913BB155}.AppStore|Any CPU.ActiveCfg = Release|Any CPU
		{0FCAE146-1807-4793-AE82-4B83913BB155}.AppStore|Any CPU.Build.0 = Release|Any CPU
		{0FCAE146-1807-4793-AE82-4B83913BB155}.AppStore|ARM.ActiveCfg = Release|Any CPU
		{0FCAE146-1807-4793-AE82-4B83913BB155}.AppStore|ARM.Build.0 = Release|Any CPU
		{0FCAE146-1807-4793-AE82-4B83913BB155}.AppStore|iPhone.ActiveCfg = Release|Any CPU
		{0FCAE146-1807-4793-AE82-4B83913BB155}.AppStore|iPhone.Build.0 = Release|Any CPU
		{0FCAE146-1807-4793-AE82-4B83913BB155}.AppStore|iPhoneSimulator.ActiveCfg = Release|Any CPU
		{0FCAE146-1807-4793-AE82-4B83913BB155}.AppStore|iPhoneSimulator.Build.0 = Release|Any CPU
		{0FCAE146-1807-4793-AE82-4B83913BB155}.AppStore|x64.ActiveCfg = Release|Any CPU
		{0FCAE146-1807-4793-AE82-4B83913BB155}.AppStore|x64.Build.0 = Release|Any CPU
		{0FCAE146-1807-4793-AE82-4B83913BB155}.AppStore|x86.ActiveCfg = Release|Any CPU
		{0FCAE146-1807-4793-AE82-4B83913BB155}.AppStore|x86.Build.0 = Release|Any CPU
		{0FCAE146-1807-4793-AE82-4B83913BB155}.Debug|Any CPU.ActiveCfg = Debug|Any CPU
		{0FCAE146-1807-4793-AE82-4B83913BB155}.Debug|Any CPU.Build.0 = Debug|Any CPU
		{0FCAE146-1807-4793-AE82-4B83913BB155}.Debug|ARM.ActiveCfg = Debug|Any CPU
		{0FCAE146-1807-4793-AE82-4B83913BB155}.Debug|ARM.Build.0 = Debug|Any CPU
		{0FCAE146-1807-4793-AE82-4B83913BB155}.Debug|iPhone.ActiveCfg = Debug|Any CPU
		{0FCAE146-1807-4793-AE82-4B83913BB155}.Debug|iPhone.Build.0 = Debug|Any CPU
		{0FCAE146-1807-4793-AE82-4B83913BB155}.Debug|iPhoneSimulator.ActiveCfg = Debug|Any CPU
		{0FCAE146-1807-4793-AE82-4B83913BB155}.Debug|iPhoneSimulator.Build.0 = Debug|Any CPU
		{0FCAE146-1807-4793-AE82-4B83913BB155}.Debug|x64.ActiveCfg = Debug|Any CPU
		{0FCAE146-1807-4793-AE82-4B83913BB155}.Debug|x64.Build.0 = Debug|Any CPU
		{0FCAE146-1807-4793-AE82-4B83913BB155}.Debug|x86.ActiveCfg = Debug|Any CPU
		{0FCAE146-1807-4793-AE82-4B83913BB155}.Debug|x86.Build.0 = Debug|Any CPU
		{0FCAE146-1807-4793-AE82-4B83913BB155}.Release|Any CPU.ActiveCfg = Release|Any CPU
		{0FCAE146-1807-4793-AE82-4B83913BB155}.Release|Any CPU.Build.0 = Release|Any CPU
		{0FCAE146-1807-4793-AE82-4B83913BB155}.Release|ARM.ActiveCfg = Release|Any CPU
		{0FCAE146-1807-4793-AE82-4B83913BB155}.Release|ARM.Build.0 = Release|Any CPU
		{0FCAE146-1807-4793-AE82-4B83913BB155}.Release|iPhone.ActiveCfg = Release|Any CPU
		{0FCAE146-1807-4793-AE82-4B83913BB155}.Release|iPhone.Build.0 = Release|Any CPU
		{0FCAE146-1807-4793-AE82-4B83913BB155}.Release|iPhoneSimulator.ActiveCfg = Release|Any CPU
		{0FCAE146-1807-4793-AE82-4B83913BB155}.Release|iPhoneSimulator.Build.0 = Release|Any CPU
		{0FCAE146-1807-4793-AE82-4B83913BB155}.Release|x64.ActiveCfg = Release|Any CPU
		{0FCAE146-1807-4793-AE82-4B83913BB155}.Release|x64.Build.0 = Release|Any CPU
		{0FCAE146-1807-4793-AE82-4B83913BB155}.Release|x86.ActiveCfg = Release|Any CPU
		{0FCAE146-1807-4793-AE82-4B83913BB155}.Release|x86.Build.0 = Release|Any CPU
		{63FA7ED2-6184-498B-8BCD-0BD0A7279D41}.Ad-Hoc|Any CPU.ActiveCfg = Release|Any CPU
		{63FA7ED2-6184-498B-8BCD-0BD0A7279D41}.Ad-Hoc|Any CPU.Build.0 = Release|Any CPU
		{63FA7ED2-6184-498B-8BCD-0BD0A7279D41}.Ad-Hoc|ARM.ActiveCfg = Release|Any CPU
		{63FA7ED2-6184-498B-8BCD-0BD0A7279D41}.Ad-Hoc|ARM.Build.0 = Release|Any CPU
		{63FA7ED2-6184-498B-8BCD-0BD0A7279D41}.Ad-Hoc|iPhone.ActiveCfg = Release|Any CPU
		{63FA7ED2-6184-498B-8BCD-0BD0A7279D41}.Ad-Hoc|iPhone.Build.0 = Release|Any CPU
		{63FA7ED2-6184-498B-8BCD-0BD0A7279D41}.Ad-Hoc|iPhoneSimulator.ActiveCfg = Release|Any CPU
		{63FA7ED2-6184-498B-8BCD-0BD0A7279D41}.Ad-Hoc|iPhoneSimulator.Build.0 = Release|Any CPU
		{63FA7ED2-6184-498B-8BCD-0BD0A7279D41}.Ad-Hoc|x64.ActiveCfg = Release|Any CPU
		{63FA7ED2-6184-498B-8BCD-0BD0A7279D41}.Ad-Hoc|x64.Build.0 = Release|Any CPU
		{63FA7ED2-6184-498B-8BCD-0BD0A7279D41}.Ad-Hoc|x86.ActiveCfg = Release|Any CPU
		{63FA7ED2-6184-498B-8BCD-0BD0A7279D41}.Ad-Hoc|x86.Build.0 = Release|Any CPU
		{63FA7ED2-6184-498B-8BCD-0BD0A7279D41}.AppStore|Any CPU.ActiveCfg = Release|Any CPU
		{63FA7ED2-6184-498B-8BCD-0BD0A7279D41}.AppStore|Any CPU.Build.0 = Release|Any CPU
		{63FA7ED2-6184-498B-8BCD-0BD0A7279D41}.AppStore|ARM.ActiveCfg = Release|Any CPU
		{63FA7ED2-6184-498B-8BCD-0BD0A7279D41}.AppStore|ARM.Build.0 = Release|Any CPU
		{63FA7ED2-6184-498B-8BCD-0BD0A7279D41}.AppStore|iPhone.ActiveCfg = Release|Any CPU
		{63FA7ED2-6184-498B-8BCD-0BD0A7279D41}.AppStore|iPhone.Build.0 = Release|Any CPU
		{63FA7ED2-6184-498B-8BCD-0BD0A7279D41}.AppStore|iPhoneSimulator.ActiveCfg = Release|Any CPU
		{63FA7ED2-6184-498B-8BCD-0BD0A7279D41}.AppStore|iPhoneSimulator.Build.0 = Release|Any CPU
		{63FA7ED2-6184-498B-8BCD-0BD0A7279D41}.AppStore|x64.ActiveCfg = Release|Any CPU
		{63FA7ED2-6184-498B-8BCD-0BD0A7279D41}.AppStore|x64.Build.0 = Release|Any CPU
		{63FA7ED2-6184-498B-8BCD-0BD0A7279D41}.AppStore|x86.ActiveCfg = Release|Any CPU
		{63FA7ED2-6184-498B-8BCD-0BD0A7279D41}.AppStore|x86.Build.0 = Release|Any CPU
		{63FA7ED2-6184-498B-8BCD-0BD0A7279D41}.Debug|Any CPU.ActiveCfg = Debug|Any CPU
		{63FA7ED2-6184-498B-8BCD-0BD0A7279D41}.Debug|Any CPU.Build.0 = Debug|Any CPU
		{63FA7ED2-6184-498B-8BCD-0BD0A7279D41}.Debug|ARM.ActiveCfg = Debug|Any CPU
		{63FA7ED2-6184-498B-8BCD-0BD0A7279D41}.Debug|ARM.Build.0 = Debug|Any CPU
		{63FA7ED2-6184-498B-8BCD-0BD0A7279D41}.Debug|iPhone.ActiveCfg = Debug|Any CPU
		{63FA7ED2-6184-498B-8BCD-0BD0A7279D41}.Debug|iPhone.Build.0 = Debug|Any CPU
		{63FA7ED2-6184-498B-8BCD-0BD0A7279D41}.Debug|iPhoneSimulator.ActiveCfg = Debug|Any CPU
		{63FA7ED2-6184-498B-8BCD-0BD0A7279D41}.Debug|iPhoneSimulator.Build.0 = Debug|Any CPU
		{63FA7ED2-6184-498B-8BCD-0BD0A7279D41}.Debug|x64.ActiveCfg = Debug|Any CPU
		{63FA7ED2-6184-498B-8BCD-0BD0A7279D41}.Debug|x64.Build.0 = Debug|Any CPU
		{63FA7ED2-6184-498B-8BCD-0BD0A7279D41}.Debug|x86.ActiveCfg = Debug|Any CPU
		{63FA7ED2-6184-498B-8BCD-0BD0A7279D41}.Debug|x86.Build.0 = Debug|Any CPU
		{63FA7ED2-6184-498B-8BCD-0BD0A7279D41}.Release|Any CPU.ActiveCfg = Release|Any CPU
		{63FA7ED2-6184-498B-8BCD-0BD0A7279D41}.Release|Any CPU.Build.0 = Release|Any CPU
		{63FA7ED2-6184-498B-8BCD-0BD0A7279D41}.Release|ARM.ActiveCfg = Release|Any CPU
		{63FA7ED2-6184-498B-8BCD-0BD0A7279D41}.Release|ARM.Build.0 = Release|Any CPU
		{63FA7ED2-6184-498B-8BCD-0BD0A7279D41}.Release|iPhone.ActiveCfg = Release|Any CPU
		{63FA7ED2-6184-498B-8BCD-0BD0A7279D41}.Release|iPhone.Build.0 = Release|Any CPU
		{63FA7ED2-6184-498B-8BCD-0BD0A7279D41}.Release|iPhoneSimulator.ActiveCfg = Release|Any CPU
		{63FA7ED2-6184-498B-8BCD-0BD0A7279D41}.Release|iPhoneSimulator.Build.0 = Release|Any CPU
		{63FA7ED2-6184-498B-8BCD-0BD0A7279D41}.Release|x64.ActiveCfg = Release|Any CPU
		{63FA7ED2-6184-498B-8BCD-0BD0A7279D41}.Release|x64.Build.0 = Release|Any CPU
		{63FA7ED2-6184-498B-8BCD-0BD0A7279D41}.Release|x86.ActiveCfg = Release|Any CPU
		{63FA7ED2-6184-498B-8BCD-0BD0A7279D41}.Release|x86.Build.0 = Release|Any CPU
	EndGlobalSection
	GlobalSection(SolutionProperties) = preSolution
		HideSolutionNode = FALSE
	EndGlobalSection
	GlobalSection(ExtensibilityGlobals) = postSolution
		SolutionGuid = {3A492D6D-02D5-4534-A553-D381B3E72BBB}
	EndGlobalSection
EndGlobal
